
Microsoft Visual Studio Solution File, Format Version 12.00
# Visual Studio Version 17
VisualStudioVersion = 17.5.002.0
MinimumVisualStudioVersion = 10.0.40219.1
Project("{9A19103F-16F7-4668-BE54-9A1E7A4F7556}") = "ClassProject003", "ClassProject003.csproj", "{DDA18666-BB58-45C0-9951-CAEDD231EDC2}"
EndProject
Global
	GlobalSection(SolutionConfigurationPlatforms) = preSolution
		Debug|Any CPU = Debug|Any CPU
		Release|Any CPU = Release|Any CPU
	EndGlobalSection
	GlobalSection(ProjectConfigurationPlatforms) = postSolution
		{DDA18666-BB58-45C0-9951-CAEDD231EDC2}.Debug|Any CPU.ActiveCfg = Debug|Any CPU
		{DDA18666-BB58-45C0-9951-CAEDD231EDC2}.Debug|Any CPU.Build.0 = Debug|Any CPU
		{DDA18666-BB58-45C0-9951-CAEDD231EDC2}.Release|Any CPU.ActiveCfg = Release|Any CPU
		{DDA18666-BB58-45C0-9951-CAEDD231EDC2}.Release|Any CPU.Build.0 = Release|Any CPU
	EndGlobalSection
	GlobalSection(SolutionProperties) = preSolution
		HideSolutionNode = FALSE
	EndGlobalSection
	GlobalSection(ExtensibilityGlobals) = postSolution
		SolutionGuid = {DD89598E-F96D-4892-903C-74284027FF49}
	EndGlobalSection
EndGlobal
